Lr! D�CDD�R3�91!4�!!H,@�D@�-���yhrG���j��m�ޗ�e����k�>��iz������*'�M+z�%��a��l��ނ+-�,��zd��&������z_���"��a��,��������m�~�[�����0��^����m4��}�_{w6�V��N�k��k������6q�Z{����i����ޱ�~�֠{�5�KޮȨ�]t��(�����i���z����j��(���k��m�~���z߬��������z_�����-j���u��3i�m�<խi��w~_�f�k��wW�����u�^�קr'�m�ޗ�e����^rO��m5��(��Z��:�F�m�~�[����{Z��kj)b���w-���r��jζ�F�m�~�[������~����2�ϭ����ڶ��׭i����n�)������+���My�׬��������F�m�~�[������~����6�^~~�ܶ*'�v�{�tm�ޗ�e����ڞ��o��m5��v�^��(�j'�ε�F�m�~�[������~����6�^~��ڙ�^�ζ�F�m�~�[������~����6�^~���i޼Ѷ�z_���"��kj{���zʹן��'$��ށ�z�F�m�~�[������~����6�^~�x��׾��ǭuѶ�z_���"��kj{���{h��퉫b����ڶ���JZrF�{�Z�vѫ����z_�����kj{�����-���z������*'�M+z�%��a��l��ނ+-�,��zd��&������z_�����kj{�����-���z�����z_�����kj{�����-���zϷ�K`��^w]}���w�V��ݸѦ���uk��ӯ_�שzw^�Ȟ������z_���"��a��,������F�m�~�[�����0z��٫��
�W�j�&�Ͷ����*'�m+z�%��a��l��ނ+-�,��zd��&����
�W�j�&����
�W�j�&�϶�K`�޶�N:~=��_����]����Oz���ݸ�שzw^�Ȟ�
�q�����]u�k����j�t׋%�׵ז�m�r�^��ڙ����޵����슉��O�zָ����[�vm�����"���ɪ�H�o�i����{��jg���(u����4���k�m�6�q�4�6�~8�G=w]�{������w��շ^���zw"z��m��(!�(!��4���k�[i�����X������޵�=��슉��O�zָ����[�vm�����"���ɪ�H�o�i�����X�������X��߻�O�zָ��3���s����w�ʹ�f��uo]5�vwz�gu�^�קr'�r��m4z˭�[6�h���$z{7�G(��+u��{��i�u�KޮȨ�]4��(�����i���z����j��(��(��+u��{��i����i�~�M-�7�wwM�{�vշ��εwN[s~u馜ۗ�߇^���zw"zƫ�'��Mei���ئ{�ު�{Mx��슉�׊޲�oy�m��?�����k�&��� r����c��b��z������ئ{�ު�{�5��3�ε���}޸��]�׽q���n���|��V�u�^�קr'�r��N4u�^�ئ{Mu����/��M���m�֛��6Һ$�}��f���0���f���5��슉��j޲�oy�m��?�����k�&��� r����-�z����v�'�+~��a���j��	��ߦj�~�M��?;s�{��9���oN^�N�}�8��Ѿ�m͸y������j�'�}/z�"�~wַ��[�vm�����"���ɪ�H�o�Kw޿�y�(����欢��[`Ͼy}�}ݛ��^{Gu�n��w�է:{�4���שzw^�Ȟ��(��Z�ǫ�~��e�ͱ��b�+-Ӎ,�Ȭ���{��w��M/z�"�}�ҷ��[�vm�����"���ɪ�H�o�Ȭ���{��w�����z�ޗ����3u���zkN�kn�ߧ��W}}����MtwMu�^�קr'����M-ʗ��z{�6����*'�]5�[�vm�����"���ɪ�H�o�ʗ��z{����^��t׻`��<q�tG\�����۷�kw����M8�_ݦ�o]7i���N/z�"�}tⷬ�[�vm�����"���ɪ�H�o�m�����i��Ӌ`ϗ�i�\��;�w���G����ۖ�ٮ�q�xy�ۭ����슉��Z޲�oy�m��?�����k�&��� r��i��z����ۭ���]m�7�g<��F���߇�Ӗ����y���֚sƜq�m�]�i���5ߛޮȨ�]���(�����i���z����j��(���q�m���i���>�~m�7����5׽�kv����g4�N\��:wg^���zw"zɢ��ʗ��]|��(�&���:էz�"n)b�/�z�������(�͵�KޮȨ�mvҷ��[�vm�����"���ɪ�H�o�qǬ�&�+r�ׯzZ)z����l���qǬ�&�+r�ׯzZ)z����l�mv��3�ִqǽw���~��������q�7u��o�xi�+��%����}t��슉��J޲�oy�m��?�����k�&��� r��i�+��%������i�+��%��������3}�6�G������zoM8}�<��w���v��V�u�^�קr'�i�+��8i�+��%�����t��슉��J޲�oy�m��?�����k�&��� r��i�+��%������i�+��%�����5��3i���M�u����xww��Ww��ٽ����۝�u�^�קr'�i�+��4i�+����}4��슉��Z޲�oy�m��?�����k�&��� r��i�+������i�+��������3i�_��<}�^q���~<���g�뇷ٮ|o~�u�^�קr'�i�+�}8i�+�}4i�+�}8��슉��J޲�oy�m��?�����k�&��� r��i�+���i�+�����3㗷�����kw�嶞{w��~�{f�����^�i�+��8��슉��]�z�%��a��l��ނ+-�,��zd��&��(����(���]�=t�yi�w�Wz�����\�nu�g�i��۝�󶜢���F�����F�����KޮȨ��w��(�����i���z����j��(��������������7��w]㷴۾��Ƕ��[y�Zy���uF�s֣���
+v�t����*'םkz�%��a��l��ނ+-�,��zd��&����G�ݳ��j;��찢�l�^u��ׇ]Ѯ�~�}�wu�s�u��V��Zw��;����*'�]|��(�����i���z����j��(������j;��]|������f���٧�ݷ\�F�ןx�:�\�~�z��u�܉������'��ZnW������]5j;��KޮȨ��v��(�����i���z����j��(������j;�睭�>�o��q��i�������x�f��V��m���=�^���zw"z�(�j�~u���j]t����������{�-�)�����H��r�k�kj����7ѩb��{t�V��	���m�]�z�"�}5ⷬ�[�vm�����"���ɪ�H�oږ('�ױ���jX���^�ߴ׋`�G�F��]=���wF��nzsm��N��}�i�u�שzw^�Ȟ�H�w��M��x��tַ�y�~���y٩i����(��tթi����(��t����*'�M�z�%��a��l��ނ+-�,��zd��&��i����(�����i����(�ߵ�k`����]}�[�]Zw}��W}���y�_m�ݩ�y��